
Microsoft Visual Studio Solution File, Format Version 12.00
# Visual Studio 2012
Project("{FAE04EC0-301F-11D3-BF4B-00C04F79EFBC}") = "UniversalTuringMachine", "UniversalTuringMachine\UniversalTuringMachine.csproj", "{192E77EA-A548-429E-92F1-4A8C67F98DE9}"
EndProject
Project("{FAE04EC0-301F-11D3-BF4B-00C04F79EFBC}") = "Hokanson.UniversalTuringMachine", "Hokanson.UniversalTuringMachine\Hokanson.UniversalTuringMachine.csproj", "{6401396B-E56B-4F82-BA2D-A6F480316C41}"
EndProject
Global
	GlobalSection(SolutionConfigurationPlatforms) = preSolution
		Debug|Any CPU = Debug|Any CPU
		Release|Any CPU = Release|Any CPU
	EndGlobalSection
	GlobalSection(ProjectConfigurationPlatforms) = postSolution
		{192E77EA-A548-429E-92F1-4A8C67F98DE9}.Debug|Any CPU.ActiveCfg = Debug|Any CPU
		{192E77EA-A548-429E-92F1-4A8C67F98DE9}.Debug|Any CPU.Build.0 = Debug|Any CPU
		{192E77EA-A548-429E-92F1-4A8C67F98DE9}.Release|Any CPU.ActiveCfg = Release|Any CPU
		{192E77EA-A548-429E-92F1-4A8C67F98DE9}.Release|Any CPU.Build.0 = Release|Any CPU
		{6401396B-E56B-4F82-BA2D-A6F480316C41}.Debug|Any CPU.ActiveCfg = Debug|Any CPU
		{6401396B-E56B-4F82-BA2D-A6F480316C41}.Debug|Any CPU.Build.0 = Debug|Any CPU
		{6401396B-E56B-4F82-BA2D-A6F480316C41}.Release|Any CPU.ActiveCfg = Release|Any CPU
		{6401396B-E56B-4F82-BA2D-A6F480316C41}.Release|Any CPU.Build.0 = Release|Any CPU
	EndGlobalSection
	GlobalSection(SolutionProperties) = preSolution
		HideSolutionNode = FALSE
	EndGlobalSection
EndGlobal
